// !$*UTF8*$!
{
	archiveVersion = 1;
	classes = {
	};
	objectVersion = 56;
	objects = {

/* Begin PBXBuildFile section */
		/* iOS App - VitalsWatch */
		A1000001001 /* VitalsWatchApp.swift in Sources */ = {isa = PBXBuildFile; fileRef = A1000001000 /* VitalsWatchApp.swift */; };
		A1000002001 /* ContentView.swift in Sources */ = {isa = PBXBuildFile; fileRef = A1000002000 /* ContentView.swift */; };
		A1000003001 /* Assets.xcassets in Resources */ = {isa = PBXBuildFile; fileRef = A1000003000 /* Assets.xcassets */; };
		A1000004001 /* Config.swift in Sources */ = {isa = PBXBuildFile; fileRef = A1000004000 /* Config.swift */; };
		A1000005001 /* VitalTypes.swift in Sources */ = {isa = PBXBuildFile; fileRef = A1000005000 /* VitalTypes.swift */; };
		A1000007001 /* WatchConnectivityManager.swift in Sources */ = {isa = PBXBuildFile; fileRef = A1000007000 /* WatchConnectivityManager.swift */; };

		/* watchOS App - VitalsWatch Watch App */
		A2000001001 /* VitalsWatchApp.swift in Sources */ = {isa = PBXBuildFile; fileRef = A2000001000 /* VitalsWatchApp.swift */; };
		A2000002001 /* ContentView.swift in Sources */ = {isa = PBXBuildFile; fileRef = A2000002000 /* ContentView.swift */; };
		A2000003001 /* HealthKitManager.swift in Sources */ = {isa = PBXBuildFile; fileRef = A2000003000 /* HealthKitManager.swift */; };
		A2000004001 /* APIClient.swift in Sources */ = {isa = PBXBuildFile; fileRef = A2000004000 /* APIClient.swift */; };
		A2000005001 /* ManualEntryView.swift in Sources */ = {isa = PBXBuildFile; fileRef = A2000005000 /* ManualEntryView.swift */; };
		A2000006001 /* Assets.xcassets in Resources */ = {isa = PBXBuildFile; fileRef = A2000006000 /* Assets.xcassets */; };
		A2000007001 /* Config.swift in Sources */ = {isa = PBXBuildFile; fileRef = A1000004000 /* Config.swift */; };
		A2000008001 /* VitalTypes.swift in Sources */ = {isa = PBXBuildFile; fileRef = A1000005000 /* VitalTypes.swift */; };

		A2000011001 /* Theme.swift in Sources */ = {isa = PBXBuildFile; fileRef = A2000011000 /* Theme.swift */; };
		A2000012001 /* WatchConnectivityManager.swift in Sources */ = {isa = PBXBuildFile; fileRef = A2000012000 /* WatchConnectivityManager.swift */; };
		A2000013001 /* SettingsView.swift in Sources */ = {isa = PBXBuildFile; fileRef = A2000013000 /* SettingsView.swift */; };

		/* UI Tests */
		A3000001001 /* VitalsWatchUITests.swift in Sources */ = {isa = PBXBuildFile; fileRef = A3000001000 /* VitalsWatchUITests.swift */; };
/* End PBXBuildFile section */

/* Begin PBXContainerItemProxy section */
		A4000001000 /* PBXContainerItemProxy */ = {
			isa = PBXContainerItemProxy;
			containerPortal = A0000001000 /* Project object */;
			proxyType = 1;
			remoteGlobalIDString = A0000003000;
			remoteInfo = "VitalsWatch Watch App";
		};
		A4000002000 /* PBXContainerItemProxy */ = {
			isa = PBXContainerItemProxy;
			containerPortal = A0000001000 /* Project object */;
			proxyType = 1;
			remoteGlobalIDString = A0000003000;
			remoteInfo = "VitalsWatch Watch App";
		};
/* End PBXContainerItemProxy section */

/* Begin PBXFileReference section */
		/* iOS App */
		A0000002000 /* VitalsWatch.app */ = {isa = PBXFileReference; explicitFileType = wrapper.application; includeInIndex = 0; path = VitalsWatch.app; sourceTree = BUILT_PRODUCTS_DIR; };
		A1000001000 /* VitalsWatchApp.swift */ = {isa = PBXFileReference; lastKnownFileType = sourcecode.swift; path = VitalsWatchApp.swift; sourceTree = "<group>"; };
		A1000002000 /* ContentView.swift */ = {isa = PBXFileReference; lastKnownFileType = sourcecode.swift; path = ContentView.swift; sourceTree = "<group>"; };
		A1000003000 /* Assets.xcassets */ = {isa = PBXFileReference; lastKnownFileType = folder.assetcatalog; path = Assets.xcassets; sourceTree = "<group>"; };
		A1000006000 /* Info.plist */ = {isa = PBXFileReference; lastKnownFileType = text.plist.xml; path = Info.plist; sourceTree = "<group>"; };
		A1000007000 /* WatchConnectivityManager.swift */ = {isa = PBXFileReference; lastKnownFileType = sourcecode.swift; path = WatchConnectivityManager.swift; sourceTree = "<group>"; };

		/* Shared */
		A1000004000 /* Config.swift */ = {isa = PBXFileReference; lastKnownFileType = sourcecode.swift; path = Config.swift; sourceTree = "<group>"; };
		A1000005000 /* VitalTypes.swift */ = {isa = PBXFileReference; lastKnownFileType = sourcecode.swift; path = VitalTypes.swift; sourceTree = "<group>"; };

		/* watchOS App */
		A0000004000 /* VitalsWatch Watch App.app */ = {isa = PBXFileReference; explicitFileType = wrapper.application; includeInIndex = 0; path = "VitalsWatch Watch App.app"; sourceTree = BUILT_PRODUCTS_DIR; };
		A2000001000 /* VitalsWatchApp.swift */ = {isa = PBXFileReference; lastKnownFileType = sourcecode.swift; path = VitalsWatchApp.swift; sourceTree = "<group>"; };
		A2000002000 /* ContentView.swift */ = {isa = PBXFileReference; lastKnownFileType = sourcecode.swift; path = ContentView.swift; sourceTree = "<group>"; };
		A2000003000 /* HealthKitManager.swift */ = {isa = PBXFileReference; lastKnownFileType = sourcecode.swift; path = HealthKitManager.swift; sourceTree = "<group>"; };
		A2000004000 /* APIClient.swift */ = {isa = PBXFileReference; lastKnownFileType = sourcecode.swift; path = APIClient.swift; sourceTree = "<group>"; };
		A2000005000 /* ManualEntryView.swift */ = {isa = PBXFileReference; lastKnownFileType = sourcecode.swift; path = ManualEntryView.swift; sourceTree = "<group>"; };
		A2000006000 /* Assets.xcassets */ = {isa = PBXFileReference; lastKnownFileType = folder.assetcatalog; path = Assets.xcassets; sourceTree = "<group>"; };
		A2000009000 /* Info.plist */ = {isa = PBXFileReference; lastKnownFileType = text.plist.xml; path = Info.plist; sourceTree = "<group>"; };
		A2000010000 /* VitalsWatch Watch App.entitlements */ = {isa = PBXFileReference; lastKnownFileType = text.plist.entitlements; path = "VitalsWatch Watch App.entitlements"; sourceTree = "<group>"; };
		A2000011000 /* Theme.swift */ = {isa = PBXFileReference; lastKnownFileType = sourcecode.swift; path = Theme.swift; sourceTree = "<group>"; };
		A2000012000 /* WatchConnectivityManager.swift */ = {isa = PBXFileReference; lastKnownFileType = sourcecode.swift; path = WatchConnectivityManager.swift; sourceTree = "<group>"; };
		A2000013000 /* SettingsView.swift */ = {isa = PBXFileReference; lastKnownFileType = sourcecode.swift; path = SettingsView.swift; sourceTree = "<group>"; };

		/* UI Tests */
		A0000005000 /* VitalsWatchUITests.xctest */ = {isa = PBXFileReference; explicitFileType = wrapper.cfbundle; includeInIndex = 0; path = VitalsWatchUITests.xctest; sourceTree = BUILT_PRODUCTS_DIR; };
		A3000001000 /* VitalsWatchUITests.swift */ = {isa = PBXFileReference; lastKnownFileType = sourcecode.swift; path = VitalsWatchUITests.swift; sourceTree = "<group>"; };
/* End PBXFileReference section */

/* Begin PBXFrameworksBuildPhase section */
		A0000006000 /* Frameworks */ = {
			isa = PBXFrameworksBuildPhase;
			buildActionMask = 2147483647;
			files = (
			);
			runOnlyForDeploymentPostprocessing = 0;
		};
		A0000007000 /* Frameworks */ = {
			isa = PBXFrameworksBuildPhase;
			buildActionMask = 2147483647;
			files = (
			);
			runOnlyForDeploymentPostprocessing = 0;
		};
		A0000008000 /* Frameworks */ = {
			isa = PBXFrameworksBuildPhase;
			buildActionMask = 2147483647;
			files = (
			);
			runOnlyForDeploymentPostprocessing = 0;
		};
/* End PBXFrameworksBuildPhase section */

/* Begin PBXGroup section */
		A0000000000 = {
			isa = PBXGroup;
			children = (
				A5000001000 /* Shared */,
				A5000002000 /* VitalsWatch */,
				A5000003000 /* VitalsWatch Watch App */,
				A5000004000 /* VitalsWatchUITests */,
				A5000005000 /* Products */,
			);
			sourceTree = "<group>";
		};
		A5000001000 /* Shared */ = {
			isa = PBXGroup;
			children = (
				A1000004000 /* Config.swift */,
				A1000005000 /* VitalTypes.swift */,
			);
			path = Shared;
			sourceTree = "<group>";
		};
		A5000002000 /* VitalsWatch */ = {
			isa = PBXGroup;
			children = (
				A1000001000 /* VitalsWatchApp.swift */,
				A1000002000 /* ContentView.swift */,
				A1000007000 /* WatchConnectivityManager.swift */,
				A1000003000 /* Assets.xcassets */,
				A1000006000 /* Info.plist */,
			);
			path = VitalsWatch;
			sourceTree = "<group>";
		};
		A5000003000 /* VitalsWatch Watch App */ = {
			isa = PBXGroup;
			children = (
				A2000001000 /* VitalsWatchApp.swift */,
				A2000002000 /* ContentView.swift */,
				A2000003000 /* HealthKitManager.swift */,
				A2000004000 /* APIClient.swift */,
				A2000005000 /* ManualEntryView.swift */,
				A2000013000 /* SettingsView.swift */,
				A2000011000 /* Theme.swift */,
				A2000012000 /* WatchConnectivityManager.swift */,
				A2000006000 /* Assets.xcassets */,
				A2000009000 /* Info.plist */,
				A2000010000 /* VitalsWatch Watch App.entitlements */,
			);
			path = "VitalsWatch Watch App";
			sourceTree = "<group>";
		};
		A5000004000 /* VitalsWatchUITests */ = {
			isa = PBXGroup;
			children = (
				A3000001000 /* VitalsWatchUITests.swift */,
			);
			path = VitalsWatchUITests;
			sourceTree = "<group>";
		};
		A5000005000 /* Products */ = {
			isa = PBXGroup;
			children = (
				A0000002000 /* VitalsWatch.app */,
				A0000004000 /* VitalsWatch Watch App.app */,
				A0000005000 /* VitalsWatchUITests.xctest */,
			);
			name = Products;
			sourceTree = "<group>";
		};
/* End PBXGroup section */

/* Begin PBXNativeTarget section */
		A0000010000 /* VitalsWatch */ = {
			isa = PBXNativeTarget;
			buildConfigurationList = A6000001000 /* Build configuration list for PBXNativeTarget "VitalsWatch" */;
			buildPhases = (
				A0000011000 /* Sources */,
				A0000006000 /* Frameworks */,
				A0000012000 /* Resources */,
				A0000013000 /* Embed Watch Content */,
			);
			buildRules = (
			);
			dependencies = (
				A4000003000 /* PBXTargetDependency */,
			);
			name = VitalsWatch;
			productName = VitalsWatch;
			productReference = A0000002000 /* VitalsWatch.app */;
			productType = "com.apple.product-type.application";
		};
		A0000003000 /* VitalsWatch Watch App */ = {
			isa = PBXNativeTarget;
			buildConfigurationList = A6000002000 /* Build configuration list for PBXNativeTarget "VitalsWatch Watch App" */;
			buildPhases = (
				A0000014000 /* Sources */,
				A0000007000 /* Frameworks */,
				A0000015000 /* Resources */,
			);
			buildRules = (
			);
			dependencies = (
			);
			name = "VitalsWatch Watch App";
			productName = "VitalsWatch Watch App";
			productReference = A0000004000 /* VitalsWatch Watch App.app */;
			productType = "com.apple.product-type.application";
		};
		A0000016000 /* VitalsWatchUITests */ = {
			isa = PBXNativeTarget;
			buildConfigurationList = A6000003000 /* Build configuration list for PBXNativeTarget "VitalsWatchUITests" */;
			buildPhases = (
				A0000017000 /* Sources */,
				A0000008000 /* Frameworks */,
				A0000018000 /* Resources */,
			);
			buildRules = (
			);
			dependencies = (
				A4000004000 /* PBXTargetDependency */,
			);
			name = VitalsWatchUITests;
			productName = VitalsWatchUITests;
			productReference = A0000005000 /* VitalsWatchUITests.xctest */;
			productType = "com.apple.product-type.bundle.ui-testing";
		};
/* End PBXNativeTarget section */

/* Begin PBXProject section */
		A0000001000 /* Project object */ = {
			isa = PBXProject;
			attributes = {
				BuildIndependentTargetsInParallel = 1;
				LastSwiftUpdateCheck = 1500;
				LastUpgradeCheck = 1500;
				TargetAttributes = {
					A0000010000 = {
						CreatedOnToolsVersion = 15.0;
					};
					A0000003000 = {
						CreatedOnToolsVersion = 15.0;
					};
					A0000016000 = {
						CreatedOnToolsVersion = 15.0;
						TestTargetID = A0000003000;
					};
				};
			};
			buildConfigurationList = A6000000000 /* Build configuration list for PBXProject "VitalsWatch" */;
			compatibilityVersion = "Xcode 14.0";
			developmentRegion = en;
			hasScannedForEncodings = 0;
			knownRegions = (
				en,
				Base,
			);
			mainGroup = A0000000000;
			productRefGroup = A5000005000 /* Products */;
			projectDirPath = "";
			projectRoot = "";
			targets = (
				A0000010000 /* VitalsWatch */,
				A0000003000 /* VitalsWatch Watch App */,
				A0000016000 /* VitalsWatchUITests */,
			);
		};
/* End PBXProject section */

/* Begin PBXResourcesBuildPhase section */
		A0000012000 /* Resources */ = {
			isa = PBXResourcesBuildPhase;
			buildActionMask = 2147483647;
			files = (
				A1000003001 /* Assets.xcassets in Resources */,
			);
			runOnlyForDeploymentPostprocessing = 0;
		};
		A0000015000 /* Resources */ = {
			isa = PBXResourcesBuildPhase;
			buildActionMask = 2147483647;
			files = (
				A2000006001 /* Assets.xcassets in Resources */,
			);
			runOnlyForDeploymentPostprocessing = 0;
		};
		A0000018000 /* Resources */ = {
			isa = PBXResourcesBuildPhase;
			buildActionMask = 2147483647;
			files = (
			);
			runOnlyForDeploymentPostprocessing = 0;
		};
/* End PBXResourcesBuildPhase section */

/* Begin PBXSourcesBuildPhase section */
		A0000011000 /* Sources */ = {
			isa = PBXSourcesBuildPhase;
			buildActionMask = 2147483647;
			files = (
				A1000001001 /* VitalsWatchApp.swift in Sources */,
				A1000002001 /* ContentView.swift in Sources */,
				A1000004001 /* Config.swift in Sources */,
				A1000005001 /* VitalTypes.swift in Sources */,
				A1000007001 /* WatchConnectivityManager.swift in Sources */,
			);
			runOnlyForDeploymentPostprocessing = 0;
		};
		A0000014000 /* Sources */ = {
			isa = PBXSourcesBuildPhase;
			buildActionMask = 2147483647;
			files = (
				A2000001001 /* VitalsWatchApp.swift in Sources */,
				A2000002001 /* ContentView.swift in Sources */,
				A2000003001 /* HealthKitManager.swift in Sources */,
				A2000004001 /* APIClient.swift in Sources */,
				A2000005001 /* ManualEntryView.swift in Sources */,
				A2000013001 /* SettingsView.swift in Sources */,
				A2000011001 /* Theme.swift in Sources */,
				A2000012001 /* WatchConnectivityManager.swift in Sources */,
				A2000007001 /* Config.swift in Sources */,
				A2000008001 /* VitalTypes.swift in Sources */,
			);
			runOnlyForDeploymentPostprocessing = 0;
		};
		A0000017000 /* Sources */ = {
			isa = PBXSourcesBuildPhase;
			buildActionMask = 2147483647;
			files = (
				A3000001001 /* VitalsWatchUITests.swift in Sources */,
			);
			runOnlyForDeploymentPostprocessing = 0;
		};
/* End PBXSourcesBuildPhase section */

/* Begin PBXCopyFilesBuildPhase section */
		A0000013000 /* Embed Watch Content */ = {
			isa = PBXCopyFilesBuildPhase;
			buildActionMask = 2147483647;
			dstPath = "$(CONTENTS_FOLDER_PATH)/Watch";
			dstSubfolderSpec = 16;
			files = (
			);
			name = "Embed Watch Content";
			runOnlyForDeploymentPostprocessing = 0;
		};
/* End PBXCopyFilesBuildPhase section */

/* Begin PBXTargetDependency section */
		A4000003000 /* PBXTargetDependency */ = {
			isa = PBXTargetDependency;
			target = A0000003000 /* VitalsWatch Watch App */;
			targetProxy = A4000001000 /* PBXContainerItemProxy */;
		};
		A4000004000 /* PBXTargetDependency */ = {
			isa = PBXTargetDependency;
			target = A0000003000 /* VitalsWatch Watch App */;
			targetProxy = A4000002000 /* PBXContainerItemProxy */;
		};
/* End PBXTargetDependency section */

/* Begin XCBuildConfiguration section */
		A7000001000 /* Debug */ = {
			isa = XCBuildConfiguration;
			buildSettings = {
				ALWAYS_SEARCH_USER_PATHS = NO;
				ASSETCATALOG_COMPILER_GENERATE_SWIFT_ASSET_SYMBOL_EXTENSIONS = YES;
				CLANG_ANALYZER_NONNULL = YES;
				CLANG_ANALYZER_NUMBER_OBJECT_CONVERSION = YES_AGGRESSIVE;
				CLANG_CXX_LANGUAGE_STANDARD = "gnu++20";
				CLANG_ENABLE_MODULES = YES;
				CLANG_ENABLE_OBJC_ARC = YES;
				CLANG_ENABLE_OBJC_WEAK = YES;
				CLANG_WARN_BLOCK_CAPTURE_AUTORELEASING = YES;
				CLANG_WARN_BOOL_CONVERSION = YES;
				CLANG_WARN_COMMA = YES;
				CLANG_WARN_CONSTANT_CONVERSION = YES;
				CLANG_WARN_DEPRECATED_OBJC_IMPLEMENTATIONS = YES;
				CLANG_WARN_DIRECT_OBJC_ISA_USAGE = YES_ERROR;
				CLANG_WARN_DOCUMENTATION_COMMENTS = YES;
				CLANG_WARN_EMPTY_BODY = YES;
				CLANG_WARN_ENUM_CONVERSION = YES;
				CLANG_WARN_INFINITE_RECURSION = YES;
				CLANG_WARN_INT_CONVERSION = YES;
				CLANG_WARN_NON_LITERAL_NULL_CONVERSION = YES;
				CLANG_WARN_OBJC_IMPLICIT_RETAIN_SELF = YES;
				CLANG_WARN_OBJC_LITERAL_CONVERSION = YES;
				CLANG_WARN_OBJC_ROOT_CLASS = YES_ERROR;
				CLANG_WARN_QUOTED_INCLUDE_IN_FRAMEWORK_HEADER = YES;
				CLANG_WARN_RANGE_LOOP_ANALYSIS = YES;
				CLANG_WARN_STRICT_PROTOTYPES = YES;
				CLANG_WARN_SUSPICIOUS_MOVE = YES;
				CLANG_WARN_UNGUARDED_AVAILABILITY = YES_AGGRESSIVE;
				CLANG_WARN_UNREACHABLE_CODE = YES;
				CLANG_WARN__DUPLICATE_METHOD_MATCH = YES;
				COPY_PHASE_STRIP = NO;
				DEBUG_INFORMATION_FORMAT = dwarf;
				ENABLE_STRICT_OBJC_MSGSEND = YES;
				ENABLE_TESTABILITY = YES;
				ENABLE_USER_SCRIPT_SANDBOXING = YES;
				GCC_C_LANGUAGE_STANDARD = gnu17;
				GCC_DYNAMIC_NO_PIC = NO;
				GCC_NO_COMMON_BLOCKS = YES;
				GCC_OPTIMIZATION_LEVEL = 0;
				GCC_PREPROCESSOR_DEFINITIONS = (
					"DEBUG=1",
					"$(inherited)",
				);
				GCC_WARN_64_TO_32_BIT_CONVERSION = YES;
				GCC_WARN_ABOUT_RETURN_TYPE = YES_ERROR;
				GCC_WARN_UNDECLARED_SELECTOR = YES;
				GCC_WARN_UNINITIALIZED_AUTOS = YES_AGGRESSIVE;
				GCC_WARN_UNUSED_FUNCTION = YES;
				GCC_WARN_UNUSED_VARIABLE = YES;
				LOCALIZATION_PREFERS_STRING_CATALOGS = YES;
				MTL_ENABLE_DEBUG_INFO = INCLUDE_SOURCE;
				MTL_FAST_MATH = YES;
				ONLY_ACTIVE_ARCH = YES;
				SWIFT_ACTIVE_COMPILATION_CONDITIONS = "DEBUG $(inherited)";
				SWIFT_OPTIMIZATION_LEVEL = "-Onone";
			};
			name = Debug;
		};
		A7000002000 /* Release */ = {
			isa = XCBuildConfiguration;
			buildSettings = {
				ALWAYS_SEARCH_USER_PATHS = NO;
				ASSETCATALOG_COMPILER_GENERATE_SWIFT_ASSET_SYMBOL_EXTENSIONS = YES;
				CLANG_ANALYZER_NONNULL = YES;
				CLANG_ANALYZER_NUMBER_OBJECT_CONVERSION = YES_AGGRESSIVE;
				CLANG_CXX_LANGUAGE_STANDARD = "gnu++20";
				CLANG_ENABLE_MODULES = YES;
				CLANG_ENABLE_OBJC_ARC = YES;
				CLANG_ENABLE_OBJC_WEAK = YES;
				CLANG_WARN_BLOCK_CAPTURE_AUTORELEASING = YES;
				CLANG_WARN_BOOL_CONVERSION = YES;
				CLANG_WARN_COMMA = YES;
				CLANG_WARN_CONSTANT_CONVERSION = YES;
				CLANG_WARN_DEPRECATED_OBJC_IMPLEMENTATIONS = YES;
				CLANG_WARN_DIRECT_OBJC_ISA_USAGE = YES_ERROR;
				CLANG_WARN_DOCUMENTATION_COMMENTS = YES;
				CLANG_WARN_EMPTY_BODY = YES;
				CLANG_WARN_ENUM_CONVERSION = YES;
				CLANG_WARN_INFINITE_RECURSION = YES;
				CLANG_WARN_INT_CONVERSION = YES;
				CLANG_WARN_NON_LITERAL_NULL_CONVERSION = YES;
				CLANG_WARN_OBJC_IMPLICIT_RETAIN_SELF = YES;
				CLANG_WARN_OBJC_LITERAL_CONVERSION = YES;
				CLANG_WARN_OBJC_ROOT_CLASS = YES_ERROR;
				CLANG_WARN_QUOTED_INCLUDE_IN_FRAMEWORK_HEADER = YES;
				CLANG_WARN_RANGE_LOOP_ANALYSIS = YES;
				CLANG_WARN_STRICT_PROTOTYPES = YES;
				CLANG_WARN_SUSPICIOUS_MOVE = YES;
				CLANG_WARN_UNGUARDED_AVAILABILITY = YES_AGGRESSIVE;
				CLANG_WARN_UNREACHABLE_CODE = YES;
				CLANG_WARN__DUPLICATE_METHOD_MATCH = YES;
				COPY_PHASE_STRIP = NO;
				DEBUG_INFORMATION_FORMAT = "dwarf-with-dsym";
				ENABLE_NS_ASSERTIONS = NO;
				ENABLE_STRICT_OBJC_MSGSEND = YES;
				ENABLE_USER_SCRIPT_SANDBOXING = YES;
				GCC_C_LANGUAGE_STANDARD = gnu17;
				GCC_NO_COMMON_BLOCKS = YES;
				GCC_WARN_64_TO_32_BIT_CONVERSION = YES;
				GCC_WARN_ABOUT_RETURN_TYPE = YES_ERROR;
				GCC_WARN_UNDECLARED_SELECTOR = YES;
				GCC_WARN_UNINITIALIZED_AUTOS = YES_AGGRESSIVE;
				GCC_WARN_UNUSED_FUNCTION = YES;
				GCC_WARN_UNUSED_VARIABLE = YES;
				LOCALIZATION_PREFERS_STRING_CATALOGS = YES;
				MTL_ENABLE_DEBUG_INFO = NO;
				MTL_FAST_MATH = YES;
				SWIFT_COMPILATION_MODE = wholemodule;
			};
			name = Release;
		};
		A7000003000 /* Debug */ = {
			isa = XCBuildConfiguration;
			buildSettings = {
				ASSETCATALOG_COMPILER_APPICON_NAME = AppIcon;
				ASSETCATALOG_COMPILER_GLOBAL_ACCENT_COLOR_NAME = AccentColor;
				CODE_SIGN_STYLE = Automatic;
				CURRENT_PROJECT_VERSION = 1;
				GENERATE_INFOPLIST_FILE = YES;
				INFOPLIST_FILE = VitalsWatch/Info.plist;
				INFOPLIST_KEY_CFBundleDisplayName = VitalsWatch;
				INFOPLIST_KEY_UIApplicationSceneManifest_Generation = YES;
				INFOPLIST_KEY_UIApplicationSupportsIndirectInputEvents = YES;
				INFOPLIST_KEY_UILaunchScreen_Generation = YES;
				INFOPLIST_KEY_UISupportedInterfaceOrientations_iPad = "UIInterfaceOrientationPortrait UIInterfaceOrientationPortraitUpsideDown UIInterfaceOrientationLandscapeLeft UIInterfaceOrientationLandscapeRight";
				INFOPLIST_KEY_UISupportedInterfaceOrientations_iPhone = "UIInterfaceOrientationPortrait UIInterfaceOrientationLandscapeLeft UIInterfaceOrientationLandscapeRight";
				IPHONEOS_DEPLOYMENT_TARGET = 17.0;
				LD_RUNPATH_SEARCH_PATHS = (
					"$(inherited)",
					"@executable_path/Frameworks",
				);
				MARKETING_VERSION = 1.0;
				PRODUCT_BUNDLE_IDENTIFIER = com.example.VitalsWatch;
				PRODUCT_NAME = "$(TARGET_NAME)";
				SDKROOT = iphoneos;
				SWIFT_EMIT_LOC_STRINGS = YES;
				SWIFT_VERSION = 5.0;
				TARGETED_DEVICE_FAMILY = "1,2";
			};
			name = Debug;
		};
		A7000004000 /* Release */ = {
			isa = XCBuildConfiguration;
			buildSettings = {
				ASSETCATALOG_COMPILER_APPICON_NAME = AppIcon;
				ASSETCATALOG_COMPILER_GLOBAL_ACCENT_COLOR_NAME = AccentColor;
				CODE_SIGN_STYLE = Automatic;
				CURRENT_PROJECT_VERSION = 1;
				GENERATE_INFOPLIST_FILE = YES;
				INFOPLIST_FILE = VitalsWatch/Info.plist;
				INFOPLIST_KEY_CFBundleDisplayName = VitalsWatch;
				INFOPLIST_KEY_UIApplicationSceneManifest_Generation = YES;
				INFOPLIST_KEY_UIApplicationSupportsIndirectInputEvents = YES;
				INFOPLIST_KEY_UILaunchScreen_Generation = YES;
				INFOPLIST_KEY_UISupportedInterfaceOrientations_iPad = "UIInterfaceOrientationPortrait UIInterfaceOrientationPortraitUpsideDown UIInterfaceOrientationLandscapeLeft UIInterfaceOrientationLandscapeRight";
				INFOPLIST_KEY_UISupportedInterfaceOrientations_iPhone = "UIInterfaceOrientationPortrait UIInterfaceOrientationLandscapeLeft UIInterfaceOrientationLandscapeRight";
				IPHONEOS_DEPLOYMENT_TARGET = 17.0;
				LD_RUNPATH_SEARCH_PATHS = (
					"$(inherited)",
					"@executable_path/Frameworks",
				);
				MARKETING_VERSION = 1.0;
				PRODUCT_BUNDLE_IDENTIFIER = com.example.VitalsWatch;
				PRODUCT_NAME = "$(TARGET_NAME)";
				SDKROOT = iphoneos;
				SWIFT_EMIT_LOC_STRINGS = YES;
				SWIFT_VERSION = 5.0;
				TARGETED_DEVICE_FAMILY = "1,2";
				VALIDATE_PRODUCT = YES;
			};
			name = Release;
		};
		A7000005000 /* Debug */ = {
			isa = XCBuildConfiguration;
			buildSettings = {
				ASSETCATALOG_COMPILER_APPICON_NAME = AppIcon;
				ASSETCATALOG_COMPILER_GLOBAL_ACCENT_COLOR_NAME = AccentColor;
				CODE_SIGN_ENTITLEMENTS = "VitalsWatch Watch App/VitalsWatch Watch App.entitlements";
				CODE_SIGN_STYLE = Automatic;
				CURRENT_PROJECT_VERSION = 1;
				GENERATE_INFOPLIST_FILE = YES;
				INFOPLIST_FILE = "VitalsWatch Watch App/Info.plist";
				INFOPLIST_KEY_CFBundleDisplayName = VitalsWatch;
				INFOPLIST_KEY_UISupportedInterfaceOrientations = "UIInterfaceOrientationPortrait UIInterfaceOrientationPortraitUpsideDown";
				INFOPLIST_KEY_WKCompanionAppBundleIdentifier = com.example.VitalsWatch;
				LD_RUNPATH_SEARCH_PATHS = (
					"$(inherited)",
					"@executable_path/Frameworks",
				);
				MARKETING_VERSION = 1.0;
				PRODUCT_BUNDLE_IDENTIFIER = com.example.VitalsWatch.watchkitapp;
				PRODUCT_NAME = "$(TARGET_NAME)";
				SDKROOT = watchos;
				SKIP_INSTALL = YES;
				SWIFT_EMIT_LOC_STRINGS = YES;
				SWIFT_VERSION = 5.0;
				TARGETED_DEVICE_FAMILY = 4;
				WATCHOS_DEPLOYMENT_TARGET = 10.0;
			};
			name = Debug;
		};
		A7000006000 /* Release */ = {
			isa = XCBuildConfiguration;
			buildSettings = {
				ASSETCATALOG_COMPILER_APPICON_NAME = AppIcon;
				ASSETCATALOG_COMPILER_GLOBAL_ACCENT_COLOR_NAME = AccentColor;
				CODE_SIGN_ENTITLEMENTS = "VitalsWatch Watch App/VitalsWatch Watch App.entitlements";
				CODE_SIGN_STYLE = Automatic;
				CURRENT_PROJECT_VERSION = 1;
				GENERATE_INFOPLIST_FILE = YES;
				INFOPLIST_FILE = "VitalsWatch Watch App/Info.plist";
				INFOPLIST_KEY_CFBundleDisplayName = VitalsWatch;
				INFOPLIST_KEY_UISupportedInterfaceOrientations = "UIInterfaceOrientationPortrait UIInterfaceOrientationPortraitUpsideDown";
				INFOPLIST_KEY_WKCompanionAppBundleIdentifier = com.example.VitalsWatch;
				LD_RUNPATH_SEARCH_PATHS = (
					"$(inherited)",
					"@executable_path/Frameworks",
				);
				MARKETING_VERSION = 1.0;
				PRODUCT_BUNDLE_IDENTIFIER = com.example.VitalsWatch.watchkitapp;
				PRODUCT_NAME = "$(TARGET_NAME)";
				SDKROOT = watchos;
				SKIP_INSTALL = YES;
				SWIFT_EMIT_LOC_STRINGS = YES;
				SWIFT_VERSION = 5.0;
				TARGETED_DEVICE_FAMILY = 4;
				VALIDATE_PRODUCT = YES;
				WATCHOS_DEPLOYMENT_TARGET = 10.0;
			};
			name = Release;
		};
		A7000007000 /* Debug */ = {
			isa = XCBuildConfiguration;
			buildSettings = {
				CODE_SIGN_STYLE = Automatic;
				CURRENT_PROJECT_VERSION = 1;
				GENERATE_INFOPLIST_FILE = YES;
				MARKETING_VERSION = 1.0;
				PRODUCT_BUNDLE_IDENTIFIER = com.example.VitalsWatchUITests;
				PRODUCT_NAME = "$(TARGET_NAME)";
				SDKROOT = watchos;
				SWIFT_EMIT_LOC_STRINGS = NO;
				SWIFT_VERSION = 5.0;
				TARGETED_DEVICE_FAMILY = 4;
				TEST_TARGET_NAME = "VitalsWatch Watch App";
				WATCHOS_DEPLOYMENT_TARGET = 10.0;
			};
			name = Debug;
		};
		A7000008000 /* Release */ = {
			isa = XCBuildConfiguration;
			buildSettings = {
				CODE_SIGN_STYLE = Automatic;
				CURRENT_PROJECT_VERSION = 1;
				GENERATE_INFOPLIST_FILE = YES;
				MARKETING_VERSION = 1.0;
				PRODUCT_BUNDLE_IDENTIFIER = com.example.VitalsWatchUITests;
				PRODUCT_NAME = "$(TARGET_NAME)";
				SDKROOT = watchos;
				SWIFT_EMIT_LOC_STRINGS = NO;
				SWIFT_VERSION = 5.0;
				TARGETED_DEVICE_FAMILY = 4;
				TEST_TARGET_NAME = "VitalsWatch Watch App";
				VALIDATE_PRODUCT = YES;
				WATCHOS_DEPLOYMENT_TARGET = 10.0;
			};
			name = Release;
		};
/* End XCBuildConfiguration section */

/* Begin XCConfigurationList section */
		A6000000000 /* Build configuration list for PBXProject "VitalsWatch" */ = {
			isa = XCConfigurationList;
			buildConfigurations = (
				A7000001000 /* Debug */,
				A7000002000 /* Release */,
			);
			defaultConfigurationIsVisible = 0;
			defaultConfigurationName = Release;
		};
		A6000001000 /* Build configuration list for PBXNativeTarget "VitalsWatch" */ = {
			isa = XCConfigurationList;
			buildConfigurations = (
				A7000003000 /* Debug */,
				A7000004000 /* Release */,
			);
			defaultConfigurationIsVisible = 0;
			defaultConfigurationName = Release;
		};
		A6000002000 /* Build configuration list for PBXNativeTarget "VitalsWatch Watch App" */ = {
			isa = XCConfigurationList;
			buildConfigurations = (
				A7000005000 /* Debug */,
				A7000006000 /* Release */,
			);
			defaultConfigurationIsVisible = 0;
			defaultConfigurationName = Release;
		};
		A6000003000 /* Build configuration list for PBXNativeTarget "VitalsWatchUITests" */ = {
			isa = XCConfigurationList;
			buildConfigurations = (
				A7000007000 /* Debug */,
				A7000008000 /* Release */,
			);
			defaultConfigurationIsVisible = 0;
			defaultConfigurationName = Release;
		};
/* End XCConfigurationList section */
	};
	rootObject = A0000001000 /* Project object */;
}
